// !$*UTF8*$!
{
	archiveVersion = 1;
	classes = {
	};
	objectVersion = 46;
	objects = {

/* Begin PBXBuildFile section */
		8120D1E51E2DCCCC000AEA11 /* KWDropdownBaseCollectionViewCell.swift in Sources */ = {isa = PBXBuildFile; fileRef = 8120D1DF1E2DCCCC000AEA11 /* KWDropdownBaseCollectionViewCell.swift */; };
		8120D1E61E2DCCCC000AEA11 /* KWDropdownMenuAssets.xcassets in Resources */ = {isa = PBXBuildFile; fileRef = 8120D1E01E2DCCCC000AEA11 /* KWDropdownMenuAssets.xcassets */; };
		8120D1E71E2DCCCC000AEA11 /* KWDropdownCollectionView.swift in Sources */ = {isa = PBXBuildFile; fileRef = 8120D1E11E2DCCCC000AEA11 /* KWDropdownCollectionView.swift */; };
		8120D1E81E2DCCCC000AEA11 /* KWDropdownMenu.swift in Sources */ = {isa = PBXBuildFile; fileRef = 8120D1E21E2DCCCC000AEA11 /* KWDropdownMenu.swift */; };
		8120D1E91E2DCCCC000AEA11 /* KWDropdownMenuConstants.swift in Sources */ = {isa = PBXBuildFile; fileRef = 8120D1E31E2DCCCC000AEA11 /* KWDropdownMenuConstants.swift */; };
		8120D1EA1E2DCCCC000AEA11 /* KWDropdownTapView.swift in Sources */ = {isa = PBXBuildFile; fileRef = 8120D1E41E2DCCCC000AEA11 /* KWDropdownTapView.swift */; };
		812EF1F31EA5D7AF003F6758 /* RootViewController.swift in Sources */ = {isa = PBXBuildFile; fileRef = 812EF1F21EA5D7AF003F6758 /* RootViewController.swift */; };
		8176DB9F1E28D88500331F0E /* AppDelegate.swift in Sources */ = {isa = PBXBuildFile; fileRef = 8176DB901E28D88500331F0E /* AppDelegate.swift */; };
		8176DBA01E28D88500331F0E /* Assets.xcassets in Resources */ = {isa = PBXBuildFile; fileRef = 8176DB911E28D88500331F0E /* Assets.xcassets */; };
		8176DBA11E28D88500331F0E /* LaunchScreen.storyboard in Resources */ = {isa = PBXBuildFile; fileRef = 8176DB921E28D88500331F0E /* LaunchScreen.storyboard */; };
		8176DBA21E28D88500331F0E /* Main.storyboard in Resources */ = {isa = PBXBuildFile; fileRef = 8176DB941E28D88500331F0E /* Main.storyboard */; };
		8176DBA31E28D88500331F0E /* Info.plist in Resources */ = {isa = PBXBuildFile; fileRef = 8176DB961E28D88500331F0E /* Info.plist */; };
		8176DBA91E28D88500331F0E /* SingleViewController.swift in Sources */ = {isa = PBXBuildFile; fileRef = 8176DB9E1E28D88500331F0E /* SingleViewController.swift */; };
		81AD806F1EA5DE0400AAD083 /* MultiViewController.swift in Sources */ = {isa = PBXBuildFile; fileRef = 81AD806E1EA5DE0400AAD083 /* MultiViewController.swift */; };
		81AD80781EA7126400AAD083 /* KWSegmentControl.swift in Sources */ = {isa = PBXBuildFile; fileRef = 81AD80761EA7126400AAD083 /* KWSegmentControl.swift */; };
		81AD80791EA7126400AAD083 /* KWSegmentControlView.swift in Sources */ = {isa = PBXBuildFile; fileRef = 81AD80771EA7126400AAD083 /* KWSegmentControlView.swift */; };
		AEE9E7A26928D62378BF97F2 /* Pods_KWDropdownMenuDemo.framework in Frameworks */ = {isa = PBXBuildFile; fileRef = A94CCAF9D1353E1FA540A0C7 /* Pods_KWDropdownMenuDemo.framework */; };
/* End PBXBuildFile section */

/* Begin PBXFileReference section */
		33C897AD451DB5ED292D54D6 /* Pods-KWDropdownMenu.debug.xcconfig */ = {isa = PBXFileReference; includeInIndex = 1; lastKnownFileType = text.xcconfig; name = "Pods-KWDropdownMenu.debug.xcconfig"; path = "Pods/Target Support Files/Pods-KWDropdownMenu/Pods-KWDropdownMenu.debug.xcconfig"; sourceTree = "<group>"; };
		4846A3261257E39CF20D5FF4 /* Pods-KWDropdownMenuDemo.release.xcconfig */ = {isa = PBXFileReference; includeInIndex = 1; lastKnownFileType = text.xcconfig; name = "Pods-KWDropdownMenuDemo.release.xcconfig"; path = "Pods/Target Support Files/Pods-KWDropdownMenuDemo/Pods-KWDropdownMenuDemo.release.xcconfig"; sourceTree = "<group>"; };
		5A6EEC07E1F73EB00E5DC11C /* Pods-KWDropdownMenuDemo.debug.xcconfig */ = {isa = PBXFileReference; includeInIndex = 1; lastKnownFileType = text.xcconfig; name = "Pods-KWDropdownMenuDemo.debug.xcconfig"; path = "Pods/Target Support Files/Pods-KWDropdownMenuDemo/Pods-KWDropdownMenuDemo.debug.xcconfig"; sourceTree = "<group>"; };
		8120D1DF1E2DCCCC000AEA11 /* KWDropdownBaseCollectionViewCell.swift */ = {isa = PBXFileReference; fileEncoding = 4; lastKnownFileType = sourcecode.swift; path = KWDropdownBaseCollectionViewCell.swift; sourceTree = "<group>"; };
		8120D1E01E2DCCCC000AEA11 /* KWDropdownMenuAssets.xcassets */ = {isa = PBXFileReference; lastKnownFileType = folder.assetcatalog; path = KWDropdownMenuAssets.xcassets; sourceTree = "<group>"; };
		8120D1E11E2DCCCC000AEA11 /* KWDropdownCollectionView.swift */ = {isa = PBXFileReference; fileEncoding = 4; lastKnownFileType = sourcecode.swift; path = KWDropdownCollectionView.swift; sourceTree = "<group>"; };
		8120D1E21E2DCCCC000AEA11 /* KWDropdownMenu.swift */ = {isa = PBXFileReference; fileEncoding = 4; lastKnownFileType = sourcecode.swift; path = KWDropdownMenu.swift; sourceTree = "<group>"; };
		8120D1E31E2DCCCC000AEA11 /* KWDropdownMenuConstants.swift */ = {isa = PBXFileReference; fileEncoding = 4; lastKnownFileType = sourcecode.swift; path = KWDropdownMenuConstants.swift; sourceTree = "<group>"; };
		8120D1E41E2DCCCC000AEA11 /* KWDropdownTapView.swift */ = {isa = PBXFileReference; fileEncoding = 4; lastKnownFileType = sourcecode.swift; path = KWDropdownTapView.swift; sourceTree = "<group>"; };
		812EF1F21EA5D7AF003F6758 /* RootViewController.swift */ = {isa = PBXFileReference; fileEncoding = 4; lastKnownFileType = sourcecode.swift; path = RootViewController.swift; sourceTree = "<group>"; };
		8176DB4B1E24D06A00331F0E /* KWDropdownMenuDemo.app */ = {isa = PBXFileReference; explicitFileType = wrapper.application; includeInIndex = 0; path = KWDropdownMenuDemo.app; sourceTree = BUILT_PRODUCTS_DIR; };
		8176DB901E28D88500331F0E /* AppDelegate.swift */ = {isa = PBXFileReference; fileEncoding = 4; lastKnownFileType = sourcecode.swift; path = AppDelegate.swift; sourceTree = "<group>"; };
		8176DB911E28D88500331F0E /* Assets.xcassets */ = {isa = PBXFileReference; lastKnownFileType = folder.assetcatalog; path = Assets.xcassets; sourceTree = "<group>"; };
		8176DB931E28D88500331F0E /* Base */ = {isa = PBXFileReference; lastKnownFileType = file.storyboard; name = Base; path = Base.lproj/LaunchScreen.storyboard; sourceTree = "<group>"; };
		8176DB951E28D88500331F0E /* Base */ = {isa = PBXFileReference; lastKnownFileType = file.storyboard; name = Base; path = Base.lproj/Main.storyboard; sourceTree = "<group>"; };
		8176DB961E28D88500331F0E /* Info.plist */ = {isa = PBXFileReference; fileEncoding = 4; lastKnownFileType = text.plist.xml; path = Info.plist; sourceTree = "<group>"; };
		8176DB9E1E28D88500331F0E /* SingleViewController.swift */ = {isa = PBXFileReference; fileEncoding = 4; lastKnownFileType = sourcecode.swift; path = SingleViewController.swift; sourceTree = "<group>"; };
		81AD806E1EA5DE0400AAD083 /* MultiViewController.swift */ = {isa = PBXFileReference; fileEncoding = 4; lastKnownFileType = sourcecode.swift; path = MultiViewController.swift; sourceTree = "<group>"; };
		81AD80761EA7126400AAD083 /* KWSegmentControl.swift */ = {isa = PBXFileReference; fileEncoding = 4; lastKnownFileType = sourcecode.swift; path = KWSegmentControl.swift; sourceTree = "<group>"; };
		81AD80771EA7126400AAD083 /* KWSegmentControlView.swift */ = {isa = PBXFileReference; fileEncoding = 4; lastKnownFileType = sourcecode.swift; path = KWSegmentControlView.swift; sourceTree = "<group>"; };
		8E0687DAC5E9AD985D4AEE08 /* Pods-KWDropdownMenu.release.xcconfig */ = {isa = PBXFileReference; includeInIndex = 1; lastKnownFileType = text.xcconfig; name = "Pods-KWDropdownMenu.release.xcconfig"; path = "Pods/Target Support Files/Pods-KWDropdownMenu/Pods-KWDropdownMenu.release.xcconfig"; sourceTree = "<group>"; };
		A94CCAF9D1353E1FA540A0C7 /* Pods_KWDropdownMenuDemo.framework */ = {isa = PBXFileReference; explicitFileType = wrapper.framework; includeInIndex = 0; path = Pods_KWDropdownMenuDemo.framework; sourceTree = BUILT_PRODUCTS_DIR; };
		DDB499B8009BB5CD2F90D19F /* Pods_KWDropdownMenu.framework */ = {isa = PBXFileReference; explicitFileType = wrapper.framework; includeInIndex = 0; path = Pods_KWDropdownMenu.framework; sourceTree = BUILT_PRODUCTS_DIR; };
/* End PBXFileReference section */

/* Begin PBXFrameworksBuildPhase section */
		8176DB481E24D06A00331F0E /* Frameworks */ = {
			isa = PBXFrameworksBuildPhase;
			buildActionMask = 2147483647;
			files = (
				AEE9E7A26928D62378BF97F2 /* Pods_KWDropdownMenuDemo.framework in Frameworks */,
			);
			runOnlyForDeploymentPostprocessing = 0;
		};
/* End PBXFrameworksBuildPhase section */

/* Begin PBXGroup section */
		8120D1DD1E2DCCCC000AEA11 /* KWDropdownMenu */ = {
			isa = PBXGroup;
			children = (
				81AD80751EA7126400AAD083 /* KWSegmentControl */,
				8120D1DE1E2DCCCC000AEA11 /* Custom */,
				8120D1E11E2DCCCC000AEA11 /* KWDropdownCollectionView.swift */,
				8120D1E21E2DCCCC000AEA11 /* KWDropdownMenu.swift */,
				8120D1E31E2DCCCC000AEA11 /* KWDropdownMenuConstants.swift */,
				8120D1E41E2DCCCC000AEA11 /* KWDropdownTapView.swift */,
			);
			path = KWDropdownMenu;
			sourceTree = "<group>";
		};
		8120D1DE1E2DCCCC000AEA11 /* Custom */ = {
			isa = PBXGroup;
			children = (
				8120D1DF1E2DCCCC000AEA11 /* KWDropdownBaseCollectionViewCell.swift */,
				8120D1E01E2DCCCC000AEA11 /* KWDropdownMenuAssets.xcassets */,
			);
			path = Custom;
			sourceTree = "<group>";
		};
		8176DB421E24D06A00331F0E = {
			isa = PBXGroup;
			children = (
				8176DB8F1E28D88500331F0E /* KWDropdownMenuDemo */,
				8176DB4C1E24D06A00331F0E /* Products */,
				88A03D06C8A87AB67FCED0BB /* Pods */,
				871142C05CEC1D8C2613BEA8 /* Frameworks */,
			);
			sourceTree = "<group>";
		};
		8176DB4C1E24D06A00331F0E /* Products */ = {
			isa = PBXGroup;
			children = (
				8176DB4B1E24D06A00331F0E /* KWDropdownMenuDemo.app */,
			);
			name = Products;
			sourceTree = "<group>";
		};
		8176DB8F1E28D88500331F0E /* KWDropdownMenuDemo */ = {
			isa = PBXGroup;
			children = (
				8120D1DD1E2DCCCC000AEA11 /* KWDropdownMenu */,
				8176DB901E28D88500331F0E /* AppDelegate.swift */,
				8176DB911E28D88500331F0E /* Assets.xcassets */,
				8176DB921E28D88500331F0E /* LaunchScreen.storyboard */,
				8176DB941E28D88500331F0E /* Main.storyboard */,
				8176DB961E28D88500331F0E /* Info.plist */,
				812EF1F21EA5D7AF003F6758 /* RootViewController.swift */,
				8176DB9E1E28D88500331F0E /* SingleViewController.swift */,
				81AD806E1EA5DE0400AAD083 /* MultiViewController.swift */,
			);
			path = KWDropdownMenuDemo;
			sourceTree = "<group>";
		};
		81AD80751EA7126400AAD083 /* KWSegmentControl */ = {
			isa = PBXGroup;
			children = (
				81AD80761EA7126400AAD083 /* KWSegmentControl.swift */,
				81AD80771EA7126400AAD083 /* KWSegmentControlView.swift */,
			);
			path = KWSegmentControl;
			sourceTree = "<group>";
		};
		871142C05CEC1D8C2613BEA8 /* Frameworks */ = {
			isa = PBXGroup;
			children = (
				DDB499B8009BB5CD2F90D19F /* Pods_KWDropdownMenu.framework */,
				A94CCAF9D1353E1FA540A0C7 /* Pods_KWDropdownMenuDemo.framework */,
			);
			name = Frameworks;
			sourceTree = "<group>";
		};
		88A03D06C8A87AB67FCED0BB /* Pods */ = {
			isa = PBXGroup;
			children = (
				33C897AD451DB5ED292D54D6 /* Pods-KWDropdownMenu.debug.xcconfig */,
				8E0687DAC5E9AD985D4AEE08 /* Pods-KWDropdownMenu.release.xcconfig */,
				5A6EEC07E1F73EB00E5DC11C /* Pods-KWDropdownMenuDemo.debug.xcconfig */,
				4846A3261257E39CF20D5FF4 /* Pods-KWDropdownMenuDemo.release.xcconfig */,
			);
			name = Pods;
			sourceTree = "<group>";
		};
/* End PBXGroup section */

/* Begin PBXNativeTarget section */
		8176DB4A1E24D06A00331F0E /* KWDropdownMenuDemo */ = {
			isa = PBXNativeTarget;
			buildConfigurationList = 8176DB5D1E24D06A00331F0E /* Build configuration list for PBXNativeTarget "KWDropdownMenuDemo" */;
			buildPhases = (
				DDF1A257F6820A284A3361B8 /* [CP] Check Pods Manifest.lock */,
				8176DB471E24D06A00331F0E /* Sources */,
				8176DB481E24D06A00331F0E /* Frameworks */,
				8176DB491E24D06A00331F0E /* Resources */,
				0BF318E3C99BF7A9DFBCEDD0 /* [CP] Embed Pods Frameworks */,
				2097176E80F9602EACEA9A38 /* [CP] Copy Pods Resources */,
			);
			buildRules = (
			);
			dependencies = (
			);
			name = KWDropdownMenuDemo;
			productName = KWDropdownMenu;
			productReference = 8176DB4B1E24D06A00331F0E /* KWDropdownMenuDemo.app */;
			productType = "com.apple.product-type.application";
		};
/* End PBXNativeTarget section */

/* Begin PBXProject section */
		8176DB431E24D06A00331F0E /* Project object */ = {
			isa = PBXProject;
			attributes = {
				LastSwiftUpdateCheck = 0800;
				LastUpgradeCheck = 0830;
				ORGANIZATIONNAME = wangk;
				TargetAttributes = {
					8176DB4A1E24D06A00331F0E = {
						CreatedOnToolsVersion = 8.0;
						DevelopmentTeam = TG58TXMQN2;
						LastSwiftMigration = 0820;
						ProvisioningStyle = Automatic;
					};
				};
			};
			buildConfigurationList = 8176DB461E24D06A00331F0E /* Build configuration list for PBXProject "KWDropdownMenuDemo" */;
			compatibilityVersion = "Xcode 3.2";
			developmentRegion = English;
			hasScannedForEncodings = 0;
			knownRegions = (
				en,
				Base,
			);
			mainGroup = 8176DB421E24D06A00331F0E;
			productRefGroup = 8176DB4C1E24D06A00331F0E /* Products */;
			projectDirPath = "";
			projectRoot = "";
			targets = (
				8176DB4A1E24D06A00331F0E /* KWDropdownMenuDemo */,
			);
		};
/* End PBXProject section */

/* Begin PBXResourcesBuildPhase section */
		8176DB491E24D06A00331F0E /* Resources */ = {
			isa = PBXResourcesBuildPhase;
			buildActionMask = 2147483647;
			files = (
				8176DBA31E28D88500331F0E /* Info.plist in Resources */,
				8120D1E61E2DCCCC000AEA11 /* KWDropdownMenuAssets.xcassets in Resources */,
				8176DBA21E28D88500331F0E /* Main.storyboard in Resources */,
				8176DBA01E28D88500331F0E /* Assets.xcassets in Resources */,
				8176DBA11E28D88500331F0E /* LaunchScreen.storyboard in Resources */,
			);
			runOnlyForDeploymentPostprocessing = 0;
		};
/* End PBXResourcesBuildPhase section */

/* Begin PBXShellScriptBuildPhase section */
		0BF318E3C99BF7A9DFBCEDD0 /* [CP] Embed Pods Frameworks */ = {
			isa = PBXShellScriptBuildPhase;
			buildActionMask = 2147483647;
			files = (
			);
			inputPaths = (
			);
			name = "[CP] Embed Pods Frameworks";
			outputPaths = (
			);
			runOnlyForDeploymentPostprocessing = 0;
			shellPath = /bin/sh;
			shellScript = "\"${SRCROOT}/Pods/Target Support Files/Pods-KWDropdownMenuDemo/Pods-KWDropdownMenuDemo-frameworks.sh\"\n";
			showEnvVarsInLog = 0;
		};
		2097176E80F9602EACEA9A38 /* [CP] Copy Pods Resources */ = {
			isa = PBXShellScriptBuildPhase;
			buildActionMask = 2147483647;
			files = (
			);
			inputPaths = (
			);
			name = "[CP] Copy Pods Resources";
			outputPaths = (
			);
			runOnlyForDeploymentPostprocessing = 0;
			shellPath = /bin/sh;
			shellScript = "\"${SRCROOT}/Pods/Target Support Files/Pods-KWDropdownMenuDemo/Pods-KWDropdownMenuDemo-resources.sh\"\n";
			showEnvVarsInLog = 0;
		};
		DDF1A257F6820A284A3361B8 /* [CP] Check Pods Manifest.lock */ = {
			isa = PBXShellScriptBuildPhase;
			buildActionMask = 2147483647;
			files = (
			);
			inputPaths = (
			);
			name = "[CP] Check Pods Manifest.lock";
			outputPaths = (
			);
			runOnlyForDeploymentPostprocessing = 0;
			shellPath = /bin/sh;
			shellScript = "diff \"${PODS_ROOT}/../Podfile.lock\" \"${PODS_ROOT}/Manifest.lock\" > /dev/null\nif [ $? != 0 ] ; then\n    # print error to STDERR\n    echo \"error: The sandbox is not in sync with the Podfile.lock. Run 'pod install' or update your CocoaPods installation.\" >&2\n    exit 1\nfi\n";
			showEnvVarsInLog = 0;
		};
/* End PBXShellScriptBuildPhase section */

/* Begin PBXSourcesBuildPhase section */
		8176DB471E24D06A00331F0E /* Sources */ = {
			isa = PBXSourcesBuildPhase;
			buildActionMask = 2147483647;
			files = (
				8120D1E51E2DCCCC000AEA11 /* KWDropdownBaseCollectionViewCell.swift in Sources */,
				81AD806F1EA5DE0400AAD083 /* MultiViewController.swift in Sources */,
				8176DB9F1E28D88500331F0E /* AppDelegate.swift in Sources */,
				81AD80781EA7126400AAD083 /* KWSegmentControl.swift in Sources */,
				8120D1E81E2DCCCC000AEA11 /* KWDropdownMenu.swift in Sources */,
				8176DBA91E28D88500331F0E /* SingleViewController.swift in Sources */,
				81AD80791EA7126400AAD083 /* KWSegmentControlView.swift in Sources */,
				8120D1E71E2DCCCC000AEA11 /* KWDropdownCollectionView.swift in Sources */,
				8120D1E91E2DCCCC000AEA11 /* KWDropdownMenuConstants.swift in Sources */,
				812EF1F31EA5D7AF003F6758 /* RootViewController.swift in Sources */,
				8120D1EA1E2DCCCC000AEA11 /* KWDropdownTapView.swift in Sources */,
			);
			runOnlyForDeploymentPostprocessing = 0;
		};
/* End PBXSourcesBuildPhase section */

/* Begin PBXVariantGroup section */
		8176DB921E28D88500331F0E /* LaunchScreen.storyboard */ = {
			isa = PBXVariantGroup;
			children = (
				8176DB931E28D88500331F0E /* Base */,
			);
			name = LaunchScreen.storyboard;
			sourceTree = "<group>";
		};
		8176DB941E28D88500331F0E /* Main.storyboard */ = {
			isa = PBXVariantGroup;
			children = (
				8176DB951E28D88500331F0E /* Base */,
			);
			name = Main.storyboard;
			sourceTree = "<group>";
		};
/* End PBXVariantGroup section */

/* Begin XCBuildConfiguration section */
		8176DB5B1E24D06A00331F0E /* Debug */ = {
			isa = XCBuildConfiguration;
			buildSettings = {
				ALWAYS_SEARCH_USER_PATHS = NO;
				CLANG_ANALYZER_NONNULL = YES;
				CLANG_CXX_LANGUAGE_STANDARD = "gnu++0x";
				CLANG_CXX_LIBRARY = "libc++";
				CLANG_ENABLE_MODULES = YES;
				CLANG_ENABLE_OBJC_ARC = YES;
				CLANG_WARN_BOOL_CONVERSION = YES;
				CLANG_WARN_CONSTANT_CONVERSION = YES;
				CLANG_WARN_DIRECT_OBJC_ISA_USAGE = YES_ERROR;
				CLANG_WARN_DOCUMENTATION_COMMENTS = YES;
				CLANG_WARN_EMPTY_BODY = YES;
				CLANG_WARN_ENUM_CONVERSION = YES;
				CLANG_WARN_INFINITE_RECURSION = YES;
				CLANG_WARN_INT_CONVERSION = YES;
				CLANG_WARN_OBJC_ROOT_CLASS = YES_ERROR;
				CLANG_WARN_SUSPICIOUS_MOVE = YES;
				CLANG_WARN_SUSPICIOUS_MOVES = YES;
				CLANG_WARN_UNREACHABLE_CODE = YES;
				CLANG_WARN__DUPLICATE_METHOD_MATCH = YES;
				"CODE_SIGN_IDENTITY[sdk=iphoneos*]" = "iPhone Developer";
				COPY_PHASE_STRIP = NO;
				DEBUG_INFORMATION_FORMAT = dwarf;
				ENABLE_STRICT_OBJC_MSGSEND = YES;
				ENABLE_TESTABILITY = YES;
				GCC_C_LANGUAGE_STANDARD = gnu99;
				GCC_DYNAMIC_NO_PIC = NO;
				GCC_NO_COMMON_BLOCKS = YES;
				GCC_OPTIMIZATION_LEVEL = 0;
				GCC_PREPROCESSOR_DEFINITIONS = (
					"DEBUG=1",
					"$(inherited)",
				);
				GCC_WARN_64_TO_32_BIT_CONVERSION = YES;
				GCC_WARN_ABOUT_RETURN_TYPE = YES_ERROR;
				GCC_WARN_UNDECLARED_SELECTOR = YES;
				GCC_WARN_UNINITIALIZED_AUTOS = YES_AGGRESSIVE;
				GCC_WARN_UNUSED_FUNCTION = YES;
				GCC_WARN_UNUSED_VARIABLE = YES;
				IPHONEOS_DEPLOYMENT_TARGET = 9.3;
				MTL_ENABLE_DEBUG_INFO = YES;
				ONLY_ACTIVE_ARCH = YES;
				SDKROOT = iphoneos;
				SWIFT_ACTIVE_COMPILATION_CONDITIONS = DEBUG;
				SWIFT_OPTIMIZATION_LEVEL = "-Onone";
				SWIFT_VERSION = 3.0;
				TARGETED_DEVICE_FAMILY = "1,2";
			};
			name = Debug;
		};
		8176DB5C1E24D06A00331F0E /* Release */ = {
			isa = XCBuildConfiguration;
			buildSettings = {
				ALWAYS_SEARCH_USER_PATHS = NO;
				CLANG_ANALYZER_NONNULL = YES;
				CLANG_CXX_LANGUAGE_STANDARD = "gnu++0x";
				CLANG_CXX_LIBRARY = "libc++";
				CLANG_ENABLE_MODULES = YES;
				CLANG_ENABLE_OBJC_ARC = YES;
				CLANG_WARN_BOOL_CONVERSION = YES;
				CLANG_WARN_CONSTANT_CONVERSION = YES;
				CLANG_WARN_DIRECT_OBJC_ISA_USAGE = YES_ERROR;
				CLANG_WARN_DOCUMENTATION_COMMENTS = YES;
				CLANG_WARN_EMPTY_BODY = YES;
				CLANG_WARN_ENUM_CONVERSION = YES;
				CLANG_WARN_INFINITE_RECURSION = YES;
				CLANG_WARN_INT_CONVERSION = YES;
				CLANG_WARN_OBJC_ROOT_CLASS = YES_ERROR;
				CLANG_WARN_SUSPICIOUS_MOVE = YES;
				CLANG_WARN_SUSPICIOUS_MOVES = YES;
				CLANG_WARN_UNREACHABLE_CODE = YES;
				CLANG_WARN__DUPLICATE_METHOD_MATCH = YES;
				"CODE_SIGN_IDENTITY[sdk=iphoneos*]" = "iPhone Developer";
				COPY_PHASE_STRIP = NO;
				DEBUG_INFORMATION_FORMAT = "dwarf-with-dsym";
				ENABLE_NS_ASSERTIONS = NO;
				ENABLE_STRICT_OBJC_MSGSEND = YES;
				GCC_C_LANGUAGE_STANDARD = gnu99;
				GCC_NO_COMMON_BLOCKS = YES;
				GCC_WARN_64_TO_32_BIT_CONVERSION = YES;
				GCC_WARN_ABOUT_RETURN_TYPE = YES_ERROR;
				GCC_WARN_UNDECLARED_SELECTOR = YES;
				GCC_WARN_UNINITIALIZED_AUTOS = YES_AGGRESSIVE;
				GCC_WARN_UNUSED_FUNCTION = YES;
				GCC_WARN_UNUSED_VARIABLE = YES;
				IPHONEOS_DEPLOYMENT_TARGET = 9.3;
				MTL_ENABLE_DEBUG_INFO = NO;
				SDKROOT = iphoneos;
				SWIFT_OPTIMIZATION_LEVEL = "-Owholemodule";
				SWIFT_VERSION = 3.0;
				TARGETED_DEVICE_FAMILY = "1,2";
				VALIDATE_PRODUCT = YES;
			};
			name = Release;
		};
		8176DB5E1E24D06A00331F0E /* Debug */ = {
			isa = XCBuildConfiguration;
			baseConfigurationReference = 5A6EEC07E1F73EB00E5DC11C /* Pods-KWDropdownMenuDemo.debug.xcconfig */;
			buildSettings = {
				ALWAYS_EMBED_SWIFT_STANDARD_LIBRARIES = YES;
				ASSETCATALOG_COMPILER_APPICON_NAME = AppIcon;
				DEVELOPMENT_TEAM = TG58TXMQN2;
				INFOPLIST_FILE = KWDropdownMenuDemo/info.plist;
				LD_RUNPATH_SEARCH_PATHS = "$(inherited) @executable_path/Frameworks";
				PRODUCT_BUNDLE_IDENTIFIER = com.kim.KWDropdownMenu;
				PRODUCT_NAME = "$(TARGET_NAME)";
				SWIFT_VERSION = 3.0;
			};
			name = Debug;
		};
		8176DB5F1E24D06A00331F0E /* Release */ = {
			isa = XCBuildConfiguration;
			baseConfigurationReference = 4846A3261257E39CF20D5FF4 /* Pods-KWDropdownMenuDemo.release.xcconfig */;
			buildSettings = {
				ALWAYS_EMBED_SWIFT_STANDARD_LIBRARIES = YES;
				ASSETCATALOG_COMPILER_APPICON_NAME = AppIcon;
				DEVELOPMENT_TEAM = TG58TXMQN2;
				INFOPLIST_FILE = KWDropdownMenuDemo/info.plist;
				LD_RUNPATH_SEARCH_PATHS = "$(inherited) @executable_path/Frameworks";
				PRODUCT_BUNDLE_IDENTIFIER = com.kim.KWDropdownMenu;
				PRODUCT_NAME = "$(TARGET_NAME)";
				SWIFT_VERSION = 3.0;
			};
			name = Release;
		};
/* End XCBuildConfiguration section */

/* Begin XCConfigurationList section */
		8176DB461E24D06A00331F0E /* Build configuration list for PBXProject "KWDropdownMenuDemo" */ = {
			isa = XCConfigurationList;
			buildConfigurations = (
				8176DB5B1E24D06A00331F0E /* Debug */,
				8176DB5C1E24D06A00331F0E /* Release */,
			);
			defaultConfigurationIsVisible = 0;
			defaultConfigurationName = Release;
		};
		8176DB5D1E24D06A00331F0E /* Build configuration list for PBXNativeTarget "KWDropdownMenuDemo" */ = {
			isa = XCConfigurationList;
			buildConfigurations = (
				8176DB5E1E24D06A00331F0E /* Debug */,
				8176DB5F1E24D06A00331F0E /* Release */,
			);
			defaultConfigurationIsVisible = 0;
			defaultConfigurationName = Release;
		};
/* End XCConfigurationList section */
	};
	rootObject = 8176DB431E24D06A00331F0E /* Project object */;
}
